
Microsoft Visual Studio Solution File, Format Version 12.00
# Visual Studio 15
VisualStudioVersion = 15.0.26124.0
MinimumVisualStudioVersion = 15.0.26124.0
Project("{2150E333-8FDC-42A3-9474-1A3956D46DE8}") = "2.Chapter.Sort", "2.Chapter.Sort", "{02BCE020-8F57-4158-A106-E08C3CA8272D}"
EndProject
Project("{FAE04EC0-301F-11D3-BF4B-00C04F79EFBC}") = "Ex_2.2.27", "2.Chapter.Sort\Ex_2.3.27\Ex_2.2.27.csproj", "{706682BB-0ECC-48F4-B605-5FE000169B1F}"
EndProject
Project("{FAE04EC0-301F-11D3-BF4B-00C04F79EFBC}") = "Sorts", "2.Chapter.Sort\Sorts\Sorts.csproj", "{AFCEA372-510F-42B4-AF79-AFE5B67F22AE}"
EndProject
Project("{FAE04EC0-301F-11D3-BF4B-00C04F79EFBC}") = "Ex_2.2.25", "2.Chapter.Sort\Ex_2.2.25\Ex_2.2.25.csproj", "{DD18F91D-32CA-41A9-B19B-76B1608CFD8F}"
EndProject
Project("{FAE04EC0-301F-11D3-BF4B-00C04F79EFBC}") = "PriorityQueue", "2.Chapter.Sort\PriorityQueue\PriorityQueue.csproj", "{2FBDE892-1A04-451E-B284-2B51BC180A11}"
EndProject
Project("{FAE04EC0-301F-11D3-BF4B-00C04F79EFBC}") = "Ex_2.4.24", "2.Chapter.Sort\Ex_2.4.24\Ex_2.4.24.csproj", "{2AD2F5ED-E00A-4B25-AAF5-D904173A95E7}"
EndProject
Project("{2150E333-8FDC-42A3-9474-1A3956D46DE8}") = "3.Chapter.Lookup", "3.Chapter.Lookup", "{74B4D202-0B5F-4255-A390-8F580EA39C34}"
EndProject
Project("{FAE04EC0-301F-11D3-BF4B-00C04F79EFBC}") = "SymbolTable", "3.Chapter.Lookup\SymbolTable\SymbolTable.csproj", "{890FA727-2E9C-43CB-8B7A-54C0F1F190EC}"
EndProject
Project("{FAE04EC0-301F-11D3-BF4B-00C04F79EFBC}") = "BST", "3.Chapter.Lookup\BST\BST.csproj", "{AF4B32A4-5F7D-4B7F-963A-4CD0AA413C8D}"
EndProject
Project("{FAE04EC0-301F-11D3-BF4B-00C04F79EFBC}") = "RedBlackBST", "3.Chapter.Lookup\RedBlackBST\RedBlackBST.csproj", "{BD0EF09D-4D75-4C75-B68F-E2A98C2D98F0}"
EndProject
Project("{2150E333-8FDC-42A3-9474-1A3956D46DE8}") = "4.Chapter.Graph", "4.Chapter.Graph", "{8485EE8C-2E3A-45BC-A6E3-E254D6A01D7F}"
EndProject
Project("{FAE04EC0-301F-11D3-BF4B-00C04F79EFBC}") = "GraphBase", "4.Chapter.Graph\GraphBase\GraphBase.csproj", "{5FA40F23-8BE2-42C5-83C7-82E57E4368D6}"
EndProject
Project("{FAE04EC0-301F-11D3-BF4B-00C04F79EFBC}") = "DigraphBase", "4.Chapter.Graph\DigraphBase\DigraphBase.csproj", "{1182240E-1ED4-4541-B8AB-42E328404570}"
EndProject
Global
	GlobalSection(SolutionConfigurationPlatforms) = preSolution
		Debug|Any CPU = Debug|Any CPU
		Debug|x64 = Debug|x64
		Debug|x86 = Debug|x86
		Release|Any CPU = Release|Any CPU
		Release|x64 = Release|x64
		Release|x86 = Release|x86
	EndGlobalSection
	GlobalSection(SolutionProperties) = preSolution
		HideSolutionNode = FALSE
	EndGlobalSection
	GlobalSection(ProjectConfigurationPlatforms) = postSolution
		{706682BB-0ECC-48F4-B605-5FE000169B1F}.Debug|Any CPU.ActiveCfg = Debug|Any CPU
		{706682BB-0ECC-48F4-B605-5FE000169B1F}.Debug|Any CPU.Build.0 = Debug|Any CPU
		{706682BB-0ECC-48F4-B605-5FE000169B1F}.Debug|x64.ActiveCfg = Debug|Any CPU
		{706682BB-0ECC-48F4-B605-5FE000169B1F}.Debug|x64.Build.0 = Debug|Any CPU
		{706682BB-0ECC-48F4-B605-5FE000169B1F}.Debug|x86.ActiveCfg = Debug|Any CPU
		{706682BB-0ECC-48F4-B605-5FE000169B1F}.Debug|x86.Build.0 = Debug|Any CPU
		{706682BB-0ECC-48F4-B605-5FE000169B1F}.Release|Any CPU.ActiveCfg = Release|Any CPU
		{706682BB-0ECC-48F4-B605-5FE000169B1F}.Release|Any CPU.Build.0 = Release|Any CPU
		{706682BB-0ECC-48F4-B605-5FE000169B1F}.Release|x64.ActiveCfg = Release|Any CPU
		{706682BB-0ECC-48F4-B605-5FE000169B1F}.Release|x64.Build.0 = Release|Any CPU
		{706682BB-0ECC-48F4-B605-5FE000169B1F}.Release|x86.ActiveCfg = Release|Any CPU
		{706682BB-0ECC-48F4-B605-5FE000169B1F}.Release|x86.Build.0 = Release|Any CPU
		{AFCEA372-510F-42B4-AF79-AFE5B67F22AE}.Debug|Any CPU.ActiveCfg = Debug|Any CPU
		{AFCEA372-510F-42B4-AF79-AFE5B67F22AE}.Debug|Any CPU.Build.0 = Debug|Any CPU
		{AFCEA372-510F-42B4-AF79-AFE5B67F22AE}.Debug|x64.ActiveCfg = Debug|Any CPU
		{AFCEA372-510F-42B4-AF79-AFE5B67F22AE}.Debug|x64.Build.0 = Debug|Any CPU
		{AFCEA372-510F-42B4-AF79-AFE5B67F22AE}.Debug|x86.ActiveCfg = Debug|Any CPU
		{AFCEA372-510F-42B4-AF79-AFE5B67F22AE}.Debug|x86.Build.0 = Debug|Any CPU
		{AFCEA372-510F-42B4-AF79-AFE5B67F22AE}.Release|Any CPU.ActiveCfg = Release|Any CPU
		{AFCEA372-510F-42B4-AF79-AFE5B67F22AE}.Release|Any CPU.Build.0 = Release|Any CPU
		{AFCEA372-510F-42B4-AF79-AFE5B67F22AE}.Release|x64.ActiveCfg = Release|Any CPU
		{AFCEA372-510F-42B4-AF79-AFE5B67F22AE}.Release|x64.Build.0 = Release|Any CPU
		{AFCEA372-510F-42B4-AF79-AFE5B67F22AE}.Release|x86.ActiveCfg = Release|Any CPU
		{AFCEA372-510F-42B4-AF79-AFE5B67F22AE}.Release|x86.Build.0 = Release|Any CPU
		{DD18F91D-32CA-41A9-B19B-76B1608CFD8F}.Debug|Any CPU.ActiveCfg = Debug|Any CPU
		{DD18F91D-32CA-41A9-B19B-76B1608CFD8F}.Debug|Any CPU.Build.0 = Debug|Any CPU
		{DD18F91D-32CA-41A9-B19B-76B1608CFD8F}.Debug|x64.ActiveCfg = Debug|Any CPU
		{DD18F91D-32CA-41A9-B19B-76B1608CFD8F}.Debug|x64.Build.0 = Debug|Any CPU
		{DD18F91D-32CA-41A9-B19B-76B1608CFD8F}.Debug|x86.ActiveCfg = Debug|Any CPU
		{DD18F91D-32CA-41A9-B19B-76B1608CFD8F}.Debug|x86.Build.0 = Debug|Any CPU
		{DD18F91D-32CA-41A9-B19B-76B1608CFD8F}.Release|Any CPU.ActiveCfg = Release|Any CPU
		{DD18F91D-32CA-41A9-B19B-76B1608CFD8F}.Release|Any CPU.Build.0 = Release|Any CPU
		{DD18F91D-32CA-41A9-B19B-76B1608CFD8F}.Release|x64.ActiveCfg = Release|Any CPU
		{DD18F91D-32CA-41A9-B19B-76B1608CFD8F}.Release|x64.Build.0 = Release|Any CPU
		{DD18F91D-32CA-41A9-B19B-76B1608CFD8F}.Release|x86.ActiveCfg = Release|Any CPU
		{DD18F91D-32CA-41A9-B19B-76B1608CFD8F}.Release|x86.Build.0 = Release|Any CPU
		{2FBDE892-1A04-451E-B284-2B51BC180A11}.Debug|Any CPU.ActiveCfg = Debug|Any CPU
		{2FBDE892-1A04-451E-B284-2B51BC180A11}.Debug|Any CPU.Build.0 = Debug|Any CPU
		{2FBDE892-1A04-451E-B284-2B51BC180A11}.Debug|x64.ActiveCfg = Debug|Any CPU
		{2FBDE892-1A04-451E-B284-2B51BC180A11}.Debug|x64.Build.0 = Debug|Any CPU
		{2FBDE892-1A04-451E-B284-2B51BC180A11}.Debug|x86.ActiveCfg = Debug|Any CPU
		{2FBDE892-1A04-451E-B284-2B51BC180A11}.Debug|x86.Build.0 = Debug|Any CPU
		{2FBDE892-1A04-451E-B284-2B51BC180A11}.Release|Any CPU.ActiveCfg = Release|Any CPU
		{2FBDE892-1A04-451E-B284-2B51BC180A11}.Release|Any CPU.Build.0 = Release|Any CPU
		{2FBDE892-1A04-451E-B284-2B51BC180A11}.Release|x64.ActiveCfg = Release|Any CPU
		{2FBDE892-1A04-451E-B284-2B51BC180A11}.Release|x64.Build.0 = Release|Any CPU
		{2FBDE892-1A04-451E-B284-2B51BC180A11}.Release|x86.ActiveCfg = Release|Any CPU
		{2FBDE892-1A04-451E-B284-2B51BC180A11}.Release|x86.Build.0 = Release|Any CPU
		{2AD2F5ED-E00A-4B25-AAF5-D904173A95E7}.Debug|Any CPU.ActiveCfg = Debug|Any CPU
		{2AD2F5ED-E00A-4B25-AAF5-D904173A95E7}.Debug|Any CPU.Build.0 = Debug|Any CPU
		{2AD2F5ED-E00A-4B25-AAF5-D904173A95E7}.Debug|x64.ActiveCfg = Debug|Any CPU
		{2AD2F5ED-E00A-4B25-AAF5-D904173A95E7}.Debug|x64.Build.0 = Debug|Any CPU
		{2AD2F5ED-E00A-4B25-AAF5-D904173A95E7}.Debug|x86.ActiveCfg = Debug|Any CPU
		{2AD2F5ED-E00A-4B25-AAF5-D904173A95E7}.Debug|x86.Build.0 = Debug|Any CPU
		{2AD2F5ED-E00A-4B25-AAF5-D904173A95E7}.Release|Any CPU.ActiveCfg = Release|Any CPU
		{2AD2F5ED-E00A-4B25-AAF5-D904173A95E7}.Release|Any CPU.Build.0 = Release|Any CPU
		{2AD2F5ED-E00A-4B25-AAF5-D904173A95E7}.Release|x64.ActiveCfg = Release|Any CPU
		{2AD2F5ED-E00A-4B25-AAF5-D904173A95E7}.Release|x64.Build.0 = Release|Any CPU
		{2AD2F5ED-E00A-4B25-AAF5-D904173A95E7}.Release|x86.ActiveCfg = Release|Any CPU
		{2AD2F5ED-E00A-4B25-AAF5-D904173A95E7}.Release|x86.Build.0 = Release|Any CPU
		{890FA727-2E9C-43CB-8B7A-54C0F1F190EC}.Debug|Any CPU.ActiveCfg = Debug|Any CPU
		{890FA727-2E9C-43CB-8B7A-54C0F1F190EC}.Debug|Any CPU.Build.0 = Debug|Any CPU
		{890FA727-2E9C-43CB-8B7A-54C0F1F190EC}.Debug|x64.ActiveCfg = Debug|Any CPU
		{890FA727-2E9C-43CB-8B7A-54C0F1F190EC}.Debug|x64.Build.0 = Debug|Any CPU
		{890FA727-2E9C-43CB-8B7A-54C0F1F190EC}.Debug|x86.ActiveCfg = Debug|Any CPU
		{890FA727-2E9C-43CB-8B7A-54C0F1F190EC}.Debug|x86.Build.0 = Debug|Any CPU
		{890FA727-2E9C-43CB-8B7A-54C0F1F190EC}.Release|Any CPU.ActiveCfg = Release|Any CPU
		{890FA727-2E9C-43CB-8B7A-54C0F1F190EC}.Release|Any CPU.Build.0 = Release|Any CPU
		{890FA727-2E9C-43CB-8B7A-54C0F1F190EC}.Release|x64.ActiveCfg = Release|Any CPU
		{890FA727-2E9C-43CB-8B7A-54C0F1F190EC}.Release|x64.Build.0 = Release|Any CPU
		{890FA727-2E9C-43CB-8B7A-54C0F1F190EC}.Release|x86.ActiveCfg = Release|Any CPU
		{890FA727-2E9C-43CB-8B7A-54C0F1F190EC}.Release|x86.Build.0 = Release|Any CPU
		{AF4B32A4-5F7D-4B7F-963A-4CD0AA413C8D}.Debug|Any CPU.ActiveCfg = Debug|Any CPU
		{AF4B32A4-5F7D-4B7F-963A-4CD0AA413C8D}.Debug|Any CPU.Build.0 = Debug|Any CPU
		{AF4B32A4-5F7D-4B7F-963A-4CD0AA413C8D}.Debug|x64.ActiveCfg = Debug|Any CPU
		{AF4B32A4-5F7D-4B7F-963A-4CD0AA413C8D}.Debug|x64.Build.0 = Debug|Any CPU
		{AF4B32A4-5F7D-4B7F-963A-4CD0AA413C8D}.Debug|x86.ActiveCfg = Debug|Any CPU
		{AF4B32A4-5F7D-4B7F-963A-4CD0AA413C8D}.Debug|x86.Build.0 = Debug|Any CPU
		{AF4B32A4-5F7D-4B7F-963A-4CD0AA413C8D}.Release|Any CPU.ActiveCfg = Release|Any CPU
		{AF4B32A4-5F7D-4B7F-963A-4CD0AA413C8D}.Release|Any CPU.Build.0 = Release|Any CPU
		{AF4B32A4-5F7D-4B7F-963A-4CD0AA413C8D}.Release|x64.ActiveCfg = Release|Any CPU
		{AF4B32A4-5F7D-4B7F-963A-4CD0AA413C8D}.Release|x64.Build.0 = Release|Any CPU
		{AF4B32A4-5F7D-4B7F-963A-4CD0AA413C8D}.Release|x86.ActiveCfg = Release|Any CPU
		{AF4B32A4-5F7D-4B7F-963A-4CD0AA413C8D}.Release|x86.Build.0 = Release|Any CPU
		{BD0EF09D-4D75-4C75-B68F-E2A98C2D98F0}.Debug|Any CPU.ActiveCfg = Debug|Any CPU
		{BD0EF09D-4D75-4C75-B68F-E2A98C2D98F0}.Debug|Any CPU.Build.0 = Debug|Any CPU
		{BD0EF09D-4D75-4C75-B68F-E2A98C2D98F0}.Debug|x64.ActiveCfg = Debug|Any CPU
		{BD0EF09D-4D75-4C75-B68F-E2A98C2D98F0}.Debug|x64.Build.0 = Debug|Any CPU
		{BD0EF09D-4D75-4C75-B68F-E2A98C2D98F0}.Debug|x86.ActiveCfg = Debug|Any CPU
		{BD0EF09D-4D75-4C75-B68F-E2A98C2D98F0}.Debug|x86.Build.0 = Debug|Any CPU
		{BD0EF09D-4D75-4C75-B68F-E2A98C2D98F0}.Release|Any CPU.ActiveCfg = Release|Any CPU
		{BD0EF09D-4D75-4C75-B68F-E2A98C2D98F0}.Release|Any CPU.Build.0 = Release|Any CPU
		{BD0EF09D-4D75-4C75-B68F-E2A98C2D98F0}.Release|x64.ActiveCfg = Release|Any CPU
		{BD0EF09D-4D75-4C75-B68F-E2A98C2D98F0}.Release|x64.Build.0 = Release|Any CPU
		{BD0EF09D-4D75-4C75-B68F-E2A98C2D98F0}.Release|x86.ActiveCfg = Release|Any CPU
		{BD0EF09D-4D75-4C75-B68F-E2A98C2D98F0}.Release|x86.Build.0 = Release|Any CPU
		{5FA40F23-8BE2-42C5-83C7-82E57E4368D6}.Debug|Any CPU.ActiveCfg = Debug|Any CPU
		{5FA40F23-8BE2-42C5-83C7-82E57E4368D6}.Debug|Any CPU.Build.0 = Debug|Any CPU
		{5FA40F23-8BE2-42C5-83C7-82E57E4368D6}.Debug|x64.ActiveCfg = Debug|Any CPU
		{5FA40F23-8BE2-42C5-83C7-82E57E4368D6}.Debug|x64.Build.0 = Debug|Any CPU
		{5FA40F23-8BE2-42C5-83C7-82E57E4368D6}.Debug|x86.ActiveCfg = Debug|Any CPU
		{5FA40F23-8BE2-42C5-83C7-82E57E4368D6}.Debug|x86.Build.0 = Debug|Any CPU
		{5FA40F23-8BE2-42C5-83C7-82E57E4368D6}.Release|Any CPU.ActiveCfg = Release|Any CPU
		{5FA40F23-8BE2-42C5-83C7-82E57E4368D6}.Release|Any CPU.Build.0 = Release|Any CPU
		{5FA40F23-8BE2-42C5-83C7-82E57E4368D6}.Release|x64.ActiveCfg = Release|Any CPU
		{5FA40F23-8BE2-42C5-83C7-82E57E4368D6}.Release|x64.Build.0 = Release|Any CPU
		{5FA40F23-8BE2-42C5-83C7-82E57E4368D6}.Release|x86.ActiveCfg = Release|Any CPU
		{5FA40F23-8BE2-42C5-83C7-82E57E4368D6}.Release|x86.Build.0 = Release|Any CPU
		{1182240E-1ED4-4541-B8AB-42E328404570}.Debug|Any CPU.ActiveCfg = Debug|Any CPU
		{1182240E-1ED4-4541-B8AB-42E328404570}.Debug|Any CPU.Build.0 = Debug|Any CPU
		{1182240E-1ED4-4541-B8AB-42E328404570}.Debug|x64.ActiveCfg = Debug|Any CPU
		{1182240E-1ED4-4541-B8AB-42E328404570}.Debug|x64.Build.0 = Debug|Any CPU
		{1182240E-1ED4-4541-B8AB-42E328404570}.Debug|x86.ActiveCfg = Debug|Any CPU
		{1182240E-1ED4-4541-B8AB-42E328404570}.Debug|x86.Build.0 = Debug|Any CPU
		{1182240E-1ED4-4541-B8AB-42E328404570}.Release|Any CPU.ActiveCfg = Release|Any CPU
		{1182240E-1ED4-4541-B8AB-42E328404570}.Release|Any CPU.Build.0 = Release|Any CPU
		{1182240E-1ED4-4541-B8AB-42E328404570}.Release|x64.ActiveCfg = Release|Any CPU
		{1182240E-1ED4-4541-B8AB-42E328404570}.Release|x64.Build.0 = Release|Any CPU
		{1182240E-1ED4-4541-B8AB-42E328404570}.Release|x86.ActiveCfg = Release|Any CPU
		{1182240E-1ED4-4541-B8AB-42E328404570}.Release|x86.Build.0 = Release|Any CPU
	EndGlobalSection
	GlobalSection(NestedProjects) = preSolution
		{706682BB-0ECC-48F4-B605-5FE000169B1F} = {02BCE020-8F57-4158-A106-E08C3CA8272D}
		{AFCEA372-510F-42B4-AF79-AFE5B67F22AE} = {02BCE020-8F57-4158-A106-E08C3CA8272D}
		{DD18F91D-32CA-41A9-B19B-76B1608CFD8F} = {02BCE020-8F57-4158-A106-E08C3CA8272D}
		{2FBDE892-1A04-451E-B284-2B51BC180A11} = {02BCE020-8F57-4158-A106-E08C3CA8272D}
		{2AD2F5ED-E00A-4B25-AAF5-D904173A95E7} = {02BCE020-8F57-4158-A106-E08C3CA8272D}
		{890FA727-2E9C-43CB-8B7A-54C0F1F190EC} = {74B4D202-0B5F-4255-A390-8F580EA39C34}
		{AF4B32A4-5F7D-4B7F-963A-4CD0AA413C8D} = {74B4D202-0B5F-4255-A390-8F580EA39C34}
		{BD0EF09D-4D75-4C75-B68F-E2A98C2D98F0} = {74B4D202-0B5F-4255-A390-8F580EA39C34}
		{5FA40F23-8BE2-42C5-83C7-82E57E4368D6} = {8485EE8C-2E3A-45BC-A6E3-E254D6A01D7F}
		{1182240E-1ED4-4541-B8AB-42E328404570} = {8485EE8C-2E3A-45BC-A6E3-E254D6A01D7F}
	EndGlobalSection
EndGlobal
