
Microsoft Visual Studio Solution File, Format Version 12.00
# Visual Studio 15
VisualStudioVersion = 15.0.26124.0
MinimumVisualStudioVersion = 15.0.26124.0
Project("{2150E333-8FDC-42A3-9474-1A3956D46DE8}") = "1.Chapter.Fundamentals", "1.Chapter.Fundamentals", "{D3DDB95C-2D10-47F6-8D79-4F3699E5CCE6}"
EndProject
Project("{2150E333-8FDC-42A3-9474-1A3956D46DE8}") = "1.1.Chapter.BaseProgramModel", "1.1.Chapter.BaseProgramModel", "{AC423BAE-6338-4A71-BA58-685CE21B8BA1}"
EndProject
Project("{FAE04EC0-301F-11D3-BF4B-00C04F79EFBC}") = "Ex_1.1.15", "1.Chapter.Fundamentals\1.1.Chapter.BaseProgramModel\Ex_1.1.15\Ex_1.1.15.csproj", "{E95D69E6-B782-4DC1-AA40-98D5EB8FC493}"
EndProject
Project("{FAE04EC0-301F-11D3-BF4B-00C04F79EFBC}") = "Ex_1.1.13", "1.Chapter.Fundamentals\1.1.Chapter.BaseProgramModel\Ex_1.1.13\Ex_1.1.13.csproj", "{BE5A09B9-63EF-49B7-81D4-41AAFF47E663}"
EndProject
Project("{FAE04EC0-301F-11D3-BF4B-00C04F79EFBC}") = "Ex_1.1.16", "1.Chapter.Fundamentals\1.1.Chapter.BaseProgramModel\Ex_1.1.16\Ex_1.1.16.csproj", "{A5340B09-F62C-42D7-BDE2-2A35054B0E70}"
EndProject
Project("{FAE04EC0-301F-11D3-BF4B-00C04F79EFBC}") = "Ex_1.1.19", "1.Chapter.Fundamentals\1.1.Chapter.BaseProgramModel\Ex_1.1.19\Ex_1.1.19.csproj", "{0248B6AC-904F-44BD-9EF6-B06A8643A822}"
EndProject
Project("{FAE04EC0-301F-11D3-BF4B-00C04F79EFBC}") = "Ex_1.1.21", "1.Chapter.Fundamentals\1.1.Chapter.BaseProgramModel\Ex_1.1.21\Ex_1.1.21.csproj", "{69FB5375-4340-4C98-810B-BB7206200531}"
EndProject
Project("{FAE04EC0-301F-11D3-BF4B-00C04F79EFBC}") = "Ex_1.1.24", "1.Chapter.Fundamentals\1.1.Chapter.BaseProgramModel\Ex_1.1.24\Ex_1.1.24.csproj", "{06F87B3C-C149-4353-B4E3-84CC9DF35AE9}"
EndProject
Project("{FAE04EC0-301F-11D3-BF4B-00C04F79EFBC}") = "Ex_1.1.27", "1.Chapter.Fundamentals\1.1.Chapter.BaseProgramModel\Ex_1.1.27\Ex_1.1.27.csproj", "{0D98678F-F76B-44DC-95A8-D1F9F49FB5CC}"
EndProject
Project("{FAE04EC0-301F-11D3-BF4B-00C04F79EFBC}") = "Ex_1.1.29", "1.Chapter.Fundamentals\1.1.Chapter.BaseProgramModel\Ex_1.1.29\Ex_1.1.29.csproj", "{B2D84E64-6B13-477F-8BAD-014A4D2D1232}"
EndProject
Project("{FAE04EC0-301F-11D3-BF4B-00C04F79EFBC}") = "Ex_1.1.30", "1.Chapter.Fundamentals\1.1.Chapter.BaseProgramModel\Ex_1.1.30\Ex_1.1.30.csproj", "{AA7071C8-BD44-4996-B2C8-E97298D80844}"
EndProject
Project("{2150E333-8FDC-42A3-9474-1A3956D46DE8}") = "1.3.Chapter.BagQueueStack", "1.3.Chapter.BagQueueStack", "{97F910C2-ECBE-4484-9B2A-EBD605B3FFBB}"
EndProject
Project("{FAE04EC0-301F-11D3-BF4B-00C04F79EFBC}") = "StackProgram", "1.Chapter.Fundamentals\1.3.Chapter.BagQueueStack\StackProgram\StackProgram.csproj", "{5B9235A7-0C66-460B-8EF4-4B1224D33F08}"
EndProject
Project("{FAE04EC0-301F-11D3-BF4B-00C04F79EFBC}") = "LinkedList", "1.Chapter.Fundamentals\1.3.Chapter.BagQueueStack\LinkedList\LinkedList.csproj", "{7650E0ED-7D46-47E9-8775-2590EAAEA0C8}"
EndProject
Project("{FAE04EC0-301F-11D3-BF4B-00C04F79EFBC}") = "QueueProgram", "1.Chapter.Fundamentals\1.3.Chapter.BagQueueStack\QueueProgram\QueueProgram.csproj", "{87D50BB2-4777-41D8-A499-51EB4E969104}"
EndProject
Project("{FAE04EC0-301F-11D3-BF4B-00C04F79EFBC}") = "BagProgram", "1.Chapter.Fundamentals\1.3.Chapter.BagQueueStack\BagProgram\BagProgram.csproj", "{34DB5772-5060-447E-A774-D58CA10E63B3}"
EndProject
Project("{FAE04EC0-301F-11D3-BF4B-00C04F79EFBC}") = "Ex_1.3.4", "1.Chapter.Fundamentals\1.3.Chapter.BagQueueStack\Ex_1.3.4\Ex_1.3.4.csproj", "{79A299A1-D0DA-4917-9B20-2BACBFDEB748}"
EndProject
Project("{FAE04EC0-301F-11D3-BF4B-00C04F79EFBC}") = "Ex_1.3.5", "1.Chapter.Fundamentals\1.3.Chapter.BagQueueStack\Ex_1.3.5\Ex_1.3.5.csproj", "{E2CF28BC-EFC1-4522-ACAD-5FDFF24585AB}"
EndProject
Project("{FAE04EC0-301F-11D3-BF4B-00C04F79EFBC}") = "Ex_1.3.9", "1.Chapter.Fundamentals\1.3.Chapter.BagQueueStack\Ex_1.3.9\Ex_1.3.9.csproj", "{969D4564-3649-4933-8FDD-F8A55B712AAA}"
EndProject
Project("{FAE04EC0-301F-11D3-BF4B-00C04F79EFBC}") = "Ex_1.3.10", "1.Chapter.Fundamentals\1.3.Chapter.BagQueueStack\Ex_1.3.10\Ex_1.3.10.csproj", "{09C6AD8B-5932-456C-AE65-2F4F18EDF860}"
EndProject
Project("{FAE04EC0-301F-11D3-BF4B-00C04F79EFBC}") = "Ex_1.3.31", "1.Chapter.Fundamentals\1.3.Chapter.BagQueueStack\Ex_1.3.31\Ex_1.3.31.csproj", "{DF17A336-8915-45E4-A9B4-CC088F70B265}"
EndProject
Project("{2150E333-8FDC-42A3-9474-1A3956D46DE8}") = "1.4.Chapter.Analysis", "1.4.Chapter.Analysis", "{5035237C-663A-478B-A3A9-25FD55DF40B9}"
EndProject
Project("{FAE04EC0-301F-11D3-BF4B-00C04F79EFBC}") = "Ex_1.4.15", "1.Chapter.Fundamentals\1.4.Chapter.Analysis\Ex_1.4.15\Ex_1.4.15.csproj", "{43990503-0F6B-4742-8798-B9F0759C352D}"
EndProject
Project("{FAE04EC0-301F-11D3-BF4B-00C04F79EFBC}") = "Ex_1.4.16", "1.Chapter.Fundamentals\1.4.Chapter.Analysis\Ex_1.4.16\Ex_1.4.16.csproj", "{6F46D6BB-7F56-4E35-B95C-104966846CCB}"
EndProject
Project("{FAE04EC0-301F-11D3-BF4B-00C04F79EFBC}") = "Ex_1.4.17", "1.Chapter.Fundamentals\1.4.Chapter.Analysis\Ex_1.4.17\Ex_1.4.17.csproj", "{6E458808-62D0-4B05-8387-94AC2B866FC3}"
EndProject
Project("{FAE04EC0-301F-11D3-BF4B-00C04F79EFBC}") = "Ex_1.4.27", "1.Chapter.Fundamentals\1.4.Chapter.Analysis\Ex_1.4.27\Ex_1.4.27.csproj", "{2BF62DDE-C41F-4CC1-B632-E6AC0ABFDB66}"
EndProject
Project("{2150E333-8FDC-42A3-9474-1A3956D46DE8}") = "1.5.Chapter.UnionFind", "1.5.Chapter.UnionFind", "{54293F55-B0D0-472F-A696-84863778FB36}"
EndProject
Project("{FAE04EC0-301F-11D3-BF4B-00C04F79EFBC}") = "UnionFind", "1.Chapter.Fundamentals\1.5.Chapter.UnionFind\UnionFind\UnionFind.csproj", "{777C8022-F1DE-45CC-9A9C-1931F739FD41}"
EndProject
Global
	GlobalSection(SolutionConfigurationPlatforms) = preSolution
		Debug|Any CPU = Debug|Any CPU
		Debug|x64 = Debug|x64
		Debug|x86 = Debug|x86
		Release|Any CPU = Release|Any CPU
		Release|x64 = Release|x64
		Release|x86 = Release|x86
	EndGlobalSection
	GlobalSection(SolutionProperties) = preSolution
		HideSolutionNode = FALSE
	EndGlobalSection
	GlobalSection(ProjectConfigurationPlatforms) = postSolution
		{E95D69E6-B782-4DC1-AA40-98D5EB8FC493}.Debug|Any CPU.ActiveCfg = Debug|Any CPU
		{E95D69E6-B782-4DC1-AA40-98D5EB8FC493}.Debug|Any CPU.Build.0 = Debug|Any CPU
		{E95D69E6-B782-4DC1-AA40-98D5EB8FC493}.Debug|x64.ActiveCfg = Debug|Any CPU
		{E95D69E6-B782-4DC1-AA40-98D5EB8FC493}.Debug|x64.Build.0 = Debug|Any CPU
		{E95D69E6-B782-4DC1-AA40-98D5EB8FC493}.Debug|x86.ActiveCfg = Debug|Any CPU
		{E95D69E6-B782-4DC1-AA40-98D5EB8FC493}.Debug|x86.Build.0 = Debug|Any CPU
		{E95D69E6-B782-4DC1-AA40-98D5EB8FC493}.Release|Any CPU.ActiveCfg = Release|Any CPU
		{E95D69E6-B782-4DC1-AA40-98D5EB8FC493}.Release|Any CPU.Build.0 = Release|Any CPU
		{E95D69E6-B782-4DC1-AA40-98D5EB8FC493}.Release|x64.ActiveCfg = Release|Any CPU
		{E95D69E6-B782-4DC1-AA40-98D5EB8FC493}.Release|x64.Build.0 = Release|Any CPU
		{E95D69E6-B782-4DC1-AA40-98D5EB8FC493}.Release|x86.ActiveCfg = Release|Any CPU
		{E95D69E6-B782-4DC1-AA40-98D5EB8FC493}.Release|x86.Build.0 = Release|Any CPU
		{BE5A09B9-63EF-49B7-81D4-41AAFF47E663}.Debug|Any CPU.ActiveCfg = Debug|Any CPU
		{BE5A09B9-63EF-49B7-81D4-41AAFF47E663}.Debug|Any CPU.Build.0 = Debug|Any CPU
		{BE5A09B9-63EF-49B7-81D4-41AAFF47E663}.Debug|x64.ActiveCfg = Debug|Any CPU
		{BE5A09B9-63EF-49B7-81D4-41AAFF47E663}.Debug|x64.Build.0 = Debug|Any CPU
		{BE5A09B9-63EF-49B7-81D4-41AAFF47E663}.Debug|x86.ActiveCfg = Debug|Any CPU
		{BE5A09B9-63EF-49B7-81D4-41AAFF47E663}.Debug|x86.Build.0 = Debug|Any CPU
		{BE5A09B9-63EF-49B7-81D4-41AAFF47E663}.Release|Any CPU.ActiveCfg = Release|Any CPU
		{BE5A09B9-63EF-49B7-81D4-41AAFF47E663}.Release|Any CPU.Build.0 = Release|Any CPU
		{BE5A09B9-63EF-49B7-81D4-41AAFF47E663}.Release|x64.ActiveCfg = Release|Any CPU
		{BE5A09B9-63EF-49B7-81D4-41AAFF47E663}.Release|x64.Build.0 = Release|Any CPU
		{BE5A09B9-63EF-49B7-81D4-41AAFF47E663}.Release|x86.ActiveCfg = Release|Any CPU
		{BE5A09B9-63EF-49B7-81D4-41AAFF47E663}.Release|x86.Build.0 = Release|Any CPU
		{A5340B09-F62C-42D7-BDE2-2A35054B0E70}.Debug|Any CPU.ActiveCfg = Debug|Any CPU
		{A5340B09-F62C-42D7-BDE2-2A35054B0E70}.Debug|Any CPU.Build.0 = Debug|Any CPU
		{A5340B09-F62C-42D7-BDE2-2A35054B0E70}.Debug|x64.ActiveCfg = Debug|Any CPU
		{A5340B09-F62C-42D7-BDE2-2A35054B0E70}.Debug|x64.Build.0 = Debug|Any CPU
		{A5340B09-F62C-42D7-BDE2-2A35054B0E70}.Debug|x86.ActiveCfg = Debug|Any CPU
		{A5340B09-F62C-42D7-BDE2-2A35054B0E70}.Debug|x86.Build.0 = Debug|Any CPU
		{A5340B09-F62C-42D7-BDE2-2A35054B0E70}.Release|Any CPU.ActiveCfg = Release|Any CPU
		{A5340B09-F62C-42D7-BDE2-2A35054B0E70}.Release|Any CPU.Build.0 = Release|Any CPU
		{A5340B09-F62C-42D7-BDE2-2A35054B0E70}.Release|x64.ActiveCfg = Release|Any CPU
		{A5340B09-F62C-42D7-BDE2-2A35054B0E70}.Release|x64.Build.0 = Release|Any CPU
		{A5340B09-F62C-42D7-BDE2-2A35054B0E70}.Release|x86.ActiveCfg = Release|Any CPU
		{A5340B09-F62C-42D7-BDE2-2A35054B0E70}.Release|x86.Build.0 = Release|Any CPU
		{0248B6AC-904F-44BD-9EF6-B06A8643A822}.Debug|Any CPU.ActiveCfg = Debug|Any CPU
		{0248B6AC-904F-44BD-9EF6-B06A8643A822}.Debug|Any CPU.Build.0 = Debug|Any CPU
		{0248B6AC-904F-44BD-9EF6-B06A8643A822}.Debug|x64.ActiveCfg = Debug|Any CPU
		{0248B6AC-904F-44BD-9EF6-B06A8643A822}.Debug|x64.Build.0 = Debug|Any CPU
		{0248B6AC-904F-44BD-9EF6-B06A8643A822}.Debug|x86.ActiveCfg = Debug|Any CPU
		{0248B6AC-904F-44BD-9EF6-B06A8643A822}.Debug|x86.Build.0 = Debug|Any CPU
		{0248B6AC-904F-44BD-9EF6-B06A8643A822}.Release|Any CPU.ActiveCfg = Release|Any CPU
		{0248B6AC-904F-44BD-9EF6-B06A8643A822}.Release|Any CPU.Build.0 = Release|Any CPU
		{0248B6AC-904F-44BD-9EF6-B06A8643A822}.Release|x64.ActiveCfg = Release|Any CPU
		{0248B6AC-904F-44BD-9EF6-B06A8643A822}.Release|x64.Build.0 = Release|Any CPU
		{0248B6AC-904F-44BD-9EF6-B06A8643A822}.Release|x86.ActiveCfg = Release|Any CPU
		{0248B6AC-904F-44BD-9EF6-B06A8643A822}.Release|x86.Build.0 = Release|Any CPU
		{69FB5375-4340-4C98-810B-BB7206200531}.Debug|Any CPU.ActiveCfg = Debug|Any CPU
		{69FB5375-4340-4C98-810B-BB7206200531}.Debug|Any CPU.Build.0 = Debug|Any CPU
		{69FB5375-4340-4C98-810B-BB7206200531}.Debug|x64.ActiveCfg = Debug|Any CPU
		{69FB5375-4340-4C98-810B-BB7206200531}.Debug|x64.Build.0 = Debug|Any CPU
		{69FB5375-4340-4C98-810B-BB7206200531}.Debug|x86.ActiveCfg = Debug|Any CPU
		{69FB5375-4340-4C98-810B-BB7206200531}.Debug|x86.Build.0 = Debug|Any CPU
		{69FB5375-4340-4C98-810B-BB7206200531}.Release|Any CPU.ActiveCfg = Release|Any CPU
		{69FB5375-4340-4C98-810B-BB7206200531}.Release|Any CPU.Build.0 = Release|Any CPU
		{69FB5375-4340-4C98-810B-BB7206200531}.Release|x64.ActiveCfg = Release|Any CPU
		{69FB5375-4340-4C98-810B-BB7206200531}.Release|x64.Build.0 = Release|Any CPU
		{69FB5375-4340-4C98-810B-BB7206200531}.Release|x86.ActiveCfg = Release|Any CPU
		{69FB5375-4340-4C98-810B-BB7206200531}.Release|x86.Build.0 = Release|Any CPU
		{06F87B3C-C149-4353-B4E3-84CC9DF35AE9}.Debug|Any CPU.ActiveCfg = Debug|Any CPU
		{06F87B3C-C149-4353-B4E3-84CC9DF35AE9}.Debug|Any CPU.Build.0 = Debug|Any CPU
		{06F87B3C-C149-4353-B4E3-84CC9DF35AE9}.Debug|x64.ActiveCfg = Debug|Any CPU
		{06F87B3C-C149-4353-B4E3-84CC9DF35AE9}.Debug|x64.Build.0 = Debug|Any CPU
		{06F87B3C-C149-4353-B4E3-84CC9DF35AE9}.Debug|x86.ActiveCfg = Debug|Any CPU
		{06F87B3C-C149-4353-B4E3-84CC9DF35AE9}.Debug|x86.Build.0 = Debug|Any CPU
		{06F87B3C-C149-4353-B4E3-84CC9DF35AE9}.Release|Any CPU.ActiveCfg = Release|Any CPU
		{06F87B3C-C149-4353-B4E3-84CC9DF35AE9}.Release|Any CPU.Build.0 = Release|Any CPU
		{06F87B3C-C149-4353-B4E3-84CC9DF35AE9}.Release|x64.ActiveCfg = Release|Any CPU
		{06F87B3C-C149-4353-B4E3-84CC9DF35AE9}.Release|x64.Build.0 = Release|Any CPU
		{06F87B3C-C149-4353-B4E3-84CC9DF35AE9}.Release|x86.ActiveCfg = Release|Any CPU
		{06F87B3C-C149-4353-B4E3-84CC9DF35AE9}.Release|x86.Build.0 = Release|Any CPU
		{0D98678F-F76B-44DC-95A8-D1F9F49FB5CC}.Debug|Any CPU.ActiveCfg = Debug|Any CPU
		{0D98678F-F76B-44DC-95A8-D1F9F49FB5CC}.Debug|Any CPU.Build.0 = Debug|Any CPU
		{0D98678F-F76B-44DC-95A8-D1F9F49FB5CC}.Debug|x64.ActiveCfg = Debug|Any CPU
		{0D98678F-F76B-44DC-95A8-D1F9F49FB5CC}.Debug|x64.Build.0 = Debug|Any CPU
		{0D98678F-F76B-44DC-95A8-D1F9F49FB5CC}.Debug|x86.ActiveCfg = Debug|Any CPU
		{0D98678F-F76B-44DC-95A8-D1F9F49FB5CC}.Debug|x86.Build.0 = Debug|Any CPU
		{0D98678F-F76B-44DC-95A8-D1F9F49FB5CC}.Release|Any CPU.ActiveCfg = Release|Any CPU
		{0D98678F-F76B-44DC-95A8-D1F9F49FB5CC}.Release|Any CPU.Build.0 = Release|Any CPU
		{0D98678F-F76B-44DC-95A8-D1F9F49FB5CC}.Release|x64.ActiveCfg = Release|Any CPU
		{0D98678F-F76B-44DC-95A8-D1F9F49FB5CC}.Release|x64.Build.0 = Release|Any CPU
		{0D98678F-F76B-44DC-95A8-D1F9F49FB5CC}.Release|x86.ActiveCfg = Release|Any CPU
		{0D98678F-F76B-44DC-95A8-D1F9F49FB5CC}.Release|x86.Build.0 = Release|Any CPU
		{B2D84E64-6B13-477F-8BAD-014A4D2D1232}.Debug|Any CPU.ActiveCfg = Debug|Any CPU
		{B2D84E64-6B13-477F-8BAD-014A4D2D1232}.Debug|Any CPU.Build.0 = Debug|Any CPU
		{B2D84E64-6B13-477F-8BAD-014A4D2D1232}.Debug|x64.ActiveCfg = Debug|Any CPU
		{B2D84E64-6B13-477F-8BAD-014A4D2D1232}.Debug|x64.Build.0 = Debug|Any CPU
		{B2D84E64-6B13-477F-8BAD-014A4D2D1232}.Debug|x86.ActiveCfg = Debug|Any CPU
		{B2D84E64-6B13-477F-8BAD-014A4D2D1232}.Debug|x86.Build.0 = Debug|Any CPU
		{B2D84E64-6B13-477F-8BAD-014A4D2D1232}.Release|Any CPU.ActiveCfg = Release|Any CPU
		{B2D84E64-6B13-477F-8BAD-014A4D2D1232}.Release|Any CPU.Build.0 = Release|Any CPU
		{B2D84E64-6B13-477F-8BAD-014A4D2D1232}.Release|x64.ActiveCfg = Release|Any CPU
		{B2D84E64-6B13-477F-8BAD-014A4D2D1232}.Release|x64.Build.0 = Release|Any CPU
		{B2D84E64-6B13-477F-8BAD-014A4D2D1232}.Release|x86.ActiveCfg = Release|Any CPU
		{B2D84E64-6B13-477F-8BAD-014A4D2D1232}.Release|x86.Build.0 = Release|Any CPU
		{AA7071C8-BD44-4996-B2C8-E97298D80844}.Debug|Any CPU.ActiveCfg = Debug|Any CPU
		{AA7071C8-BD44-4996-B2C8-E97298D80844}.Debug|Any CPU.Build.0 = Debug|Any CPU
		{AA7071C8-BD44-4996-B2C8-E97298D80844}.Debug|x64.ActiveCfg = Debug|Any CPU
		{AA7071C8-BD44-4996-B2C8-E97298D80844}.Debug|x64.Build.0 = Debug|Any CPU
		{AA7071C8-BD44-4996-B2C8-E97298D80844}.Debug|x86.ActiveCfg = Debug|Any CPU
		{AA7071C8-BD44-4996-B2C8-E97298D80844}.Debug|x86.Build.0 = Debug|Any CPU
		{AA7071C8-BD44-4996-B2C8-E97298D80844}.Release|Any CPU.ActiveCfg = Release|Any CPU
		{AA7071C8-BD44-4996-B2C8-E97298D80844}.Release|Any CPU.Build.0 = Release|Any CPU
		{AA7071C8-BD44-4996-B2C8-E97298D80844}.Release|x64.ActiveCfg = Release|Any CPU
		{AA7071C8-BD44-4996-B2C8-E97298D80844}.Release|x64.Build.0 = Release|Any CPU
		{AA7071C8-BD44-4996-B2C8-E97298D80844}.Release|x86.ActiveCfg = Release|Any CPU
		{AA7071C8-BD44-4996-B2C8-E97298D80844}.Release|x86.Build.0 = Release|Any CPU
		{5B9235A7-0C66-460B-8EF4-4B1224D33F08}.Debug|Any CPU.ActiveCfg = Debug|Any CPU
		{5B9235A7-0C66-460B-8EF4-4B1224D33F08}.Debug|Any CPU.Build.0 = Debug|Any CPU
		{5B9235A7-0C66-460B-8EF4-4B1224D33F08}.Debug|x64.ActiveCfg = Debug|Any CPU
		{5B9235A7-0C66-460B-8EF4-4B1224D33F08}.Debug|x64.Build.0 = Debug|Any CPU
		{5B9235A7-0C66-460B-8EF4-4B1224D33F08}.Debug|x86.ActiveCfg = Debug|Any CPU
		{5B9235A7-0C66-460B-8EF4-4B1224D33F08}.Debug|x86.Build.0 = Debug|Any CPU
		{5B9235A7-0C66-460B-8EF4-4B1224D33F08}.Release|Any CPU.ActiveCfg = Release|Any CPU
		{5B9235A7-0C66-460B-8EF4-4B1224D33F08}.Release|Any CPU.Build.0 = Release|Any CPU
		{5B9235A7-0C66-460B-8EF4-4B1224D33F08}.Release|x64.ActiveCfg = Release|Any CPU
		{5B9235A7-0C66-460B-8EF4-4B1224D33F08}.Release|x64.Build.0 = Release|Any CPU
		{5B9235A7-0C66-460B-8EF4-4B1224D33F08}.Release|x86.ActiveCfg = Release|Any CPU
		{5B9235A7-0C66-460B-8EF4-4B1224D33F08}.Release|x86.Build.0 = Release|Any CPU
		{7650E0ED-7D46-47E9-8775-2590EAAEA0C8}.Debug|Any CPU.ActiveCfg = Debug|Any CPU
		{7650E0ED-7D46-47E9-8775-2590EAAEA0C8}.Debug|Any CPU.Build.0 = Debug|Any CPU
		{7650E0ED-7D46-47E9-8775-2590EAAEA0C8}.Debug|x64.ActiveCfg = Debug|Any CPU
		{7650E0ED-7D46-47E9-8775-2590EAAEA0C8}.Debug|x64.Build.0 = Debug|Any CPU
		{7650E0ED-7D46-47E9-8775-2590EAAEA0C8}.Debug|x86.ActiveCfg = Debug|Any CPU
		{7650E0ED-7D46-47E9-8775-2590EAAEA0C8}.Debug|x86.Build.0 = Debug|Any CPU
		{7650E0ED-7D46-47E9-8775-2590EAAEA0C8}.Release|Any CPU.ActiveCfg = Release|Any CPU
		{7650E0ED-7D46-47E9-8775-2590EAAEA0C8}.Release|Any CPU.Build.0 = Release|Any CPU
		{7650E0ED-7D46-47E9-8775-2590EAAEA0C8}.Release|x64.ActiveCfg = Release|Any CPU
		{7650E0ED-7D46-47E9-8775-2590EAAEA0C8}.Release|x64.Build.0 = Release|Any CPU
		{7650E0ED-7D46-47E9-8775-2590EAAEA0C8}.Release|x86.ActiveCfg = Release|Any CPU
		{7650E0ED-7D46-47E9-8775-2590EAAEA0C8}.Release|x86.Build.0 = Release|Any CPU
		{87D50BB2-4777-41D8-A499-51EB4E969104}.Debug|Any CPU.ActiveCfg = Debug|Any CPU
		{87D50BB2-4777-41D8-A499-51EB4E969104}.Debug|Any CPU.Build.0 = Debug|Any CPU
		{87D50BB2-4777-41D8-A499-51EB4E969104}.Debug|x64.ActiveCfg = Debug|Any CPU
		{87D50BB2-4777-41D8-A499-51EB4E969104}.Debug|x64.Build.0 = Debug|Any CPU
		{87D50BB2-4777-41D8-A499-51EB4E969104}.Debug|x86.ActiveCfg = Debug|Any CPU
		{87D50BB2-4777-41D8-A499-51EB4E969104}.Debug|x86.Build.0 = Debug|Any CPU
		{87D50BB2-4777-41D8-A499-51EB4E969104}.Release|Any CPU.ActiveCfg = Release|Any CPU
		{87D50BB2-4777-41D8-A499-51EB4E969104}.Release|Any CPU.Build.0 = Release|Any CPU
		{87D50BB2-4777-41D8-A499-51EB4E969104}.Release|x64.ActiveCfg = Release|Any CPU
		{87D50BB2-4777-41D8-A499-51EB4E969104}.Release|x64.Build.0 = Release|Any CPU
		{87D50BB2-4777-41D8-A499-51EB4E969104}.Release|x86.ActiveCfg = Release|Any CPU
		{87D50BB2-4777-41D8-A499-51EB4E969104}.Release|x86.Build.0 = Release|Any CPU
		{34DB5772-5060-447E-A774-D58CA10E63B3}.Debug|Any CPU.ActiveCfg = Debug|Any CPU
		{34DB5772-5060-447E-A774-D58CA10E63B3}.Debug|Any CPU.Build.0 = Debug|Any CPU
		{34DB5772-5060-447E-A774-D58CA10E63B3}.Debug|x64.ActiveCfg = Debug|Any CPU
		{34DB5772-5060-447E-A774-D58CA10E63B3}.Debug|x64.Build.0 = Debug|Any CPU
		{34DB5772-5060-447E-A774-D58CA10E63B3}.Debug|x86.ActiveCfg = Debug|Any CPU
		{34DB5772-5060-447E-A774-D58CA10E63B3}.Debug|x86.Build.0 = Debug|Any CPU
		{34DB5772-5060-447E-A774-D58CA10E63B3}.Release|Any CPU.ActiveCfg = Release|Any CPU
		{34DB5772-5060-447E-A774-D58CA10E63B3}.Release|Any CPU.Build.0 = Release|Any CPU
		{34DB5772-5060-447E-A774-D58CA10E63B3}.Release|x64.ActiveCfg = Release|Any CPU
		{34DB5772-5060-447E-A774-D58CA10E63B3}.Release|x64.Build.0 = Release|Any CPU
		{34DB5772-5060-447E-A774-D58CA10E63B3}.Release|x86.ActiveCfg = Release|Any CPU
		{34DB5772-5060-447E-A774-D58CA10E63B3}.Release|x86.Build.0 = Release|Any CPU
		{79A299A1-D0DA-4917-9B20-2BACBFDEB748}.Debug|Any CPU.ActiveCfg = Debug|Any CPU
		{79A299A1-D0DA-4917-9B20-2BACBFDEB748}.Debug|Any CPU.Build.0 = Debug|Any CPU
		{79A299A1-D0DA-4917-9B20-2BACBFDEB748}.Debug|x64.ActiveCfg = Debug|Any CPU
		{79A299A1-D0DA-4917-9B20-2BACBFDEB748}.Debug|x64.Build.0 = Debug|Any CPU
		{79A299A1-D0DA-4917-9B20-2BACBFDEB748}.Debug|x86.ActiveCfg = Debug|Any CPU
		{79A299A1-D0DA-4917-9B20-2BACBFDEB748}.Debug|x86.Build.0 = Debug|Any CPU
		{79A299A1-D0DA-4917-9B20-2BACBFDEB748}.Release|Any CPU.ActiveCfg = Release|Any CPU
		{79A299A1-D0DA-4917-9B20-2BACBFDEB748}.Release|Any CPU.Build.0 = Release|Any CPU
		{79A299A1-D0DA-4917-9B20-2BACBFDEB748}.Release|x64.ActiveCfg = Release|Any CPU
		{79A299A1-D0DA-4917-9B20-2BACBFDEB748}.Release|x64.Build.0 = Release|Any CPU
		{79A299A1-D0DA-4917-9B20-2BACBFDEB748}.Release|x86.ActiveCfg = Release|Any CPU
		{79A299A1-D0DA-4917-9B20-2BACBFDEB748}.Release|x86.Build.0 = Release|Any CPU
		{E2CF28BC-EFC1-4522-ACAD-5FDFF24585AB}.Debug|Any CPU.ActiveCfg = Debug|Any CPU
		{E2CF28BC-EFC1-4522-ACAD-5FDFF24585AB}.Debug|Any CPU.Build.0 = Debug|Any CPU
		{E2CF28BC-EFC1-4522-ACAD-5FDFF24585AB}.Debug|x64.ActiveCfg = Debug|Any CPU
		{E2CF28BC-EFC1-4522-ACAD-5FDFF24585AB}.Debug|x64.Build.0 = Debug|Any CPU
		{E2CF28BC-EFC1-4522-ACAD-5FDFF24585AB}.Debug|x86.ActiveCfg = Debug|Any CPU
		{E2CF28BC-EFC1-4522-ACAD-5FDFF24585AB}.Debug|x86.Build.0 = Debug|Any CPU
		{E2CF28BC-EFC1-4522-ACAD-5FDFF24585AB}.Release|Any CPU.ActiveCfg = Release|Any CPU
		{E2CF28BC-EFC1-4522-ACAD-5FDFF24585AB}.Release|Any CPU.Build.0 = Release|Any CPU
		{E2CF28BC-EFC1-4522-ACAD-5FDFF24585AB}.Release|x64.ActiveCfg = Release|Any CPU
		{E2CF28BC-EFC1-4522-ACAD-5FDFF24585AB}.Release|x64.Build.0 = Release|Any CPU
		{E2CF28BC-EFC1-4522-ACAD-5FDFF24585AB}.Release|x86.ActiveCfg = Release|Any CPU
		{E2CF28BC-EFC1-4522-ACAD-5FDFF24585AB}.Release|x86.Build.0 = Release|Any CPU
		{969D4564-3649-4933-8FDD-F8A55B712AAA}.Debug|Any CPU.ActiveCfg = Debug|Any CPU
		{969D4564-3649-4933-8FDD-F8A55B712AAA}.Debug|Any CPU.Build.0 = Debug|Any CPU
		{969D4564-3649-4933-8FDD-F8A55B712AAA}.Debug|x64.ActiveCfg = Debug|Any CPU
		{969D4564-3649-4933-8FDD-F8A55B712AAA}.Debug|x64.Build.0 = Debug|Any CPU
		{969D4564-3649-4933-8FDD-F8A55B712AAA}.Debug|x86.ActiveCfg = Debug|Any CPU
		{969D4564-3649-4933-8FDD-F8A55B712AAA}.Debug|x86.Build.0 = Debug|Any CPU
		{969D4564-3649-4933-8FDD-F8A55B712AAA}.Release|Any CPU.ActiveCfg = Release|Any CPU
		{969D4564-3649-4933-8FDD-F8A55B712AAA}.Release|Any CPU.Build.0 = Release|Any CPU
		{969D4564-3649-4933-8FDD-F8A55B712AAA}.Release|x64.ActiveCfg = Release|Any CPU
		{969D4564-3649-4933-8FDD-F8A55B712AAA}.Release|x64.Build.0 = Release|Any CPU
		{969D4564-3649-4933-8FDD-F8A55B712AAA}.Release|x86.ActiveCfg = Release|Any CPU
		{969D4564-3649-4933-8FDD-F8A55B712AAA}.Release|x86.Build.0 = Release|Any CPU
		{09C6AD8B-5932-456C-AE65-2F4F18EDF860}.Debug|Any CPU.ActiveCfg = Debug|Any CPU
		{09C6AD8B-5932-456C-AE65-2F4F18EDF860}.Debug|Any CPU.Build.0 = Debug|Any CPU
		{09C6AD8B-5932-456C-AE65-2F4F18EDF860}.Debug|x64.ActiveCfg = Debug|Any CPU
		{09C6AD8B-5932-456C-AE65-2F4F18EDF860}.Debug|x64.Build.0 = Debug|Any CPU
		{09C6AD8B-5932-456C-AE65-2F4F18EDF860}.Debug|x86.ActiveCfg = Debug|Any CPU
		{09C6AD8B-5932-456C-AE65-2F4F18EDF860}.Debug|x86.Build.0 = Debug|Any CPU
		{09C6AD8B-5932-456C-AE65-2F4F18EDF860}.Release|Any CPU.ActiveCfg = Release|Any CPU
		{09C6AD8B-5932-456C-AE65-2F4F18EDF860}.Release|Any CPU.Build.0 = Release|Any CPU
		{09C6AD8B-5932-456C-AE65-2F4F18EDF860}.Release|x64.ActiveCfg = Release|Any CPU
		{09C6AD8B-5932-456C-AE65-2F4F18EDF860}.Release|x64.Build.0 = Release|Any CPU
		{09C6AD8B-5932-456C-AE65-2F4F18EDF860}.Release|x86.ActiveCfg = Release|Any CPU
		{09C6AD8B-5932-456C-AE65-2F4F18EDF860}.Release|x86.Build.0 = Release|Any CPU
		{DF17A336-8915-45E4-A9B4-CC088F70B265}.Debug|Any CPU.ActiveCfg = Debug|Any CPU
		{DF17A336-8915-45E4-A9B4-CC088F70B265}.Debug|Any CPU.Build.0 = Debug|Any CPU
		{DF17A336-8915-45E4-A9B4-CC088F70B265}.Debug|x64.ActiveCfg = Debug|Any CPU
		{DF17A336-8915-45E4-A9B4-CC088F70B265}.Debug|x64.Build.0 = Debug|Any CPU
		{DF17A336-8915-45E4-A9B4-CC088F70B265}.Debug|x86.ActiveCfg = Debug|Any CPU
		{DF17A336-8915-45E4-A9B4-CC088F70B265}.Debug|x86.Build.0 = Debug|Any CPU
		{DF17A336-8915-45E4-A9B4-CC088F70B265}.Release|Any CPU.ActiveCfg = Release|Any CPU
		{DF17A336-8915-45E4-A9B4-CC088F70B265}.Release|Any CPU.Build.0 = Release|Any CPU
		{DF17A336-8915-45E4-A9B4-CC088F70B265}.Release|x64.ActiveCfg = Release|Any CPU
		{DF17A336-8915-45E4-A9B4-CC088F70B265}.Release|x64.Build.0 = Release|Any CPU
		{DF17A336-8915-45E4-A9B4-CC088F70B265}.Release|x86.ActiveCfg = Release|Any CPU
		{DF17A336-8915-45E4-A9B4-CC088F70B265}.Release|x86.Build.0 = Release|Any CPU
		{43990503-0F6B-4742-8798-B9F0759C352D}.Debug|Any CPU.ActiveCfg = Debug|Any CPU
		{43990503-0F6B-4742-8798-B9F0759C352D}.Debug|Any CPU.Build.0 = Debug|Any CPU
		{43990503-0F6B-4742-8798-B9F0759C352D}.Debug|x64.ActiveCfg = Debug|Any CPU
		{43990503-0F6B-4742-8798-B9F0759C352D}.Debug|x64.Build.0 = Debug|Any CPU
		{43990503-0F6B-4742-8798-B9F0759C352D}.Debug|x86.ActiveCfg = Debug|Any CPU
		{43990503-0F6B-4742-8798-B9F0759C352D}.Debug|x86.Build.0 = Debug|Any CPU
		{43990503-0F6B-4742-8798-B9F0759C352D}.Release|Any CPU.ActiveCfg = Release|Any CPU
		{43990503-0F6B-4742-8798-B9F0759C352D}.Release|Any CPU.Build.0 = Release|Any CPU
		{43990503-0F6B-4742-8798-B9F0759C352D}.Release|x64.ActiveCfg = Release|Any CPU
		{43990503-0F6B-4742-8798-B9F0759C352D}.Release|x64.Build.0 = Release|Any CPU
		{43990503-0F6B-4742-8798-B9F0759C352D}.Release|x86.ActiveCfg = Release|Any CPU
		{43990503-0F6B-4742-8798-B9F0759C352D}.Release|x86.Build.0 = Release|Any CPU
		{6F46D6BB-7F56-4E35-B95C-104966846CCB}.Debug|Any CPU.ActiveCfg = Debug|Any CPU
		{6F46D6BB-7F56-4E35-B95C-104966846CCB}.Debug|Any CPU.Build.0 = Debug|Any CPU
		{6F46D6BB-7F56-4E35-B95C-104966846CCB}.Debug|x64.ActiveCfg = Debug|Any CPU
		{6F46D6BB-7F56-4E35-B95C-104966846CCB}.Debug|x64.Build.0 = Debug|Any CPU
		{6F46D6BB-7F56-4E35-B95C-104966846CCB}.Debug|x86.ActiveCfg = Debug|Any CPU
		{6F46D6BB-7F56-4E35-B95C-104966846CCB}.Debug|x86.Build.0 = Debug|Any CPU
		{6F46D6BB-7F56-4E35-B95C-104966846CCB}.Release|Any CPU.ActiveCfg = Release|Any CPU
		{6F46D6BB-7F56-4E35-B95C-104966846CCB}.Release|Any CPU.Build.0 = Release|Any CPU
		{6F46D6BB-7F56-4E35-B95C-104966846CCB}.Release|x64.ActiveCfg = Release|Any CPU
		{6F46D6BB-7F56-4E35-B95C-104966846CCB}.Release|x64.Build.0 = Release|Any CPU
		{6F46D6BB-7F56-4E35-B95C-104966846CCB}.Release|x86.ActiveCfg = Release|Any CPU
		{6F46D6BB-7F56-4E35-B95C-104966846CCB}.Release|x86.Build.0 = Release|Any CPU
		{6E458808-62D0-4B05-8387-94AC2B866FC3}.Debug|Any CPU.ActiveCfg = Debug|Any CPU
		{6E458808-62D0-4B05-8387-94AC2B866FC3}.Debug|Any CPU.Build.0 = Debug|Any CPU
		{6E458808-62D0-4B05-8387-94AC2B866FC3}.Debug|x64.ActiveCfg = Debug|Any CPU
		{6E458808-62D0-4B05-8387-94AC2B866FC3}.Debug|x64.Build.0 = Debug|Any CPU
		{6E458808-62D0-4B05-8387-94AC2B866FC3}.Debug|x86.ActiveCfg = Debug|Any CPU
		{6E458808-62D0-4B05-8387-94AC2B866FC3}.Debug|x86.Build.0 = Debug|Any CPU
		{6E458808-62D0-4B05-8387-94AC2B866FC3}.Release|Any CPU.ActiveCfg = Release|Any CPU
		{6E458808-62D0-4B05-8387-94AC2B866FC3}.Release|Any CPU.Build.0 = Release|Any CPU
		{6E458808-62D0-4B05-8387-94AC2B866FC3}.Release|x64.ActiveCfg = Release|Any CPU
		{6E458808-62D0-4B05-8387-94AC2B866FC3}.Release|x64.Build.0 = Release|Any CPU
		{6E458808-62D0-4B05-8387-94AC2B866FC3}.Release|x86.ActiveCfg = Release|Any CPU
		{6E458808-62D0-4B05-8387-94AC2B866FC3}.Release|x86.Build.0 = Release|Any CPU
		{2BF62DDE-C41F-4CC1-B632-E6AC0ABFDB66}.Debug|Any CPU.ActiveCfg = Debug|Any CPU
		{2BF62DDE-C41F-4CC1-B632-E6AC0ABFDB66}.Debug|Any CPU.Build.0 = Debug|Any CPU
		{2BF62DDE-C41F-4CC1-B632-E6AC0ABFDB66}.Debug|x64.ActiveCfg = Debug|Any CPU
		{2BF62DDE-C41F-4CC1-B632-E6AC0ABFDB66}.Debug|x64.Build.0 = Debug|Any CPU
		{2BF62DDE-C41F-4CC1-B632-E6AC0ABFDB66}.Debug|x86.ActiveCfg = Debug|Any CPU
		{2BF62DDE-C41F-4CC1-B632-E6AC0ABFDB66}.Debug|x86.Build.0 = Debug|Any CPU
		{2BF62DDE-C41F-4CC1-B632-E6AC0ABFDB66}.Release|Any CPU.ActiveCfg = Release|Any CPU
		{2BF62DDE-C41F-4CC1-B632-E6AC0ABFDB66}.Release|Any CPU.Build.0 = Release|Any CPU
		{2BF62DDE-C41F-4CC1-B632-E6AC0ABFDB66}.Release|x64.ActiveCfg = Release|Any CPU
		{2BF62DDE-C41F-4CC1-B632-E6AC0ABFDB66}.Release|x64.Build.0 = Release|Any CPU
		{2BF62DDE-C41F-4CC1-B632-E6AC0ABFDB66}.Release|x86.ActiveCfg = Release|Any CPU
		{2BF62DDE-C41F-4CC1-B632-E6AC0ABFDB66}.Release|x86.Build.0 = Release|Any CPU
		{777C8022-F1DE-45CC-9A9C-1931F739FD41}.Debug|Any CPU.ActiveCfg = Debug|Any CPU
		{777C8022-F1DE-45CC-9A9C-1931F739FD41}.Debug|Any CPU.Build.0 = Debug|Any CPU
		{777C8022-F1DE-45CC-9A9C-1931F739FD41}.Debug|x64.ActiveCfg = Debug|Any CPU
		{777C8022-F1DE-45CC-9A9C-1931F739FD41}.Debug|x64.Build.0 = Debug|Any CPU
		{777C8022-F1DE-45CC-9A9C-1931F739FD41}.Debug|x86.ActiveCfg = Debug|Any CPU
		{777C8022-F1DE-45CC-9A9C-1931F739FD41}.Debug|x86.Build.0 = Debug|Any CPU
		{777C8022-F1DE-45CC-9A9C-1931F739FD41}.Release|Any CPU.ActiveCfg = Release|Any CPU
		{777C8022-F1DE-45CC-9A9C-1931F739FD41}.Release|Any CPU.Build.0 = Release|Any CPU
		{777C8022-F1DE-45CC-9A9C-1931F739FD41}.Release|x64.ActiveCfg = Release|Any CPU
		{777C8022-F1DE-45CC-9A9C-1931F739FD41}.Release|x64.Build.0 = Release|Any CPU
		{777C8022-F1DE-45CC-9A9C-1931F739FD41}.Release|x86.ActiveCfg = Release|Any CPU
		{777C8022-F1DE-45CC-9A9C-1931F739FD41}.Release|x86.Build.0 = Release|Any CPU
	EndGlobalSection
	GlobalSection(NestedProjects) = preSolution
		{AC423BAE-6338-4A71-BA58-685CE21B8BA1} = {D3DDB95C-2D10-47F6-8D79-4F3699E5CCE6}
		{E95D69E6-B782-4DC1-AA40-98D5EB8FC493} = {AC423BAE-6338-4A71-BA58-685CE21B8BA1}
		{BE5A09B9-63EF-49B7-81D4-41AAFF47E663} = {AC423BAE-6338-4A71-BA58-685CE21B8BA1}
		{A5340B09-F62C-42D7-BDE2-2A35054B0E70} = {AC423BAE-6338-4A71-BA58-685CE21B8BA1}
		{0248B6AC-904F-44BD-9EF6-B06A8643A822} = {AC423BAE-6338-4A71-BA58-685CE21B8BA1}
		{69FB5375-4340-4C98-810B-BB7206200531} = {AC423BAE-6338-4A71-BA58-685CE21B8BA1}
		{06F87B3C-C149-4353-B4E3-84CC9DF35AE9} = {AC423BAE-6338-4A71-BA58-685CE21B8BA1}
		{0D98678F-F76B-44DC-95A8-D1F9F49FB5CC} = {AC423BAE-6338-4A71-BA58-685CE21B8BA1}
		{B2D84E64-6B13-477F-8BAD-014A4D2D1232} = {AC423BAE-6338-4A71-BA58-685CE21B8BA1}
		{AA7071C8-BD44-4996-B2C8-E97298D80844} = {AC423BAE-6338-4A71-BA58-685CE21B8BA1}
		{97F910C2-ECBE-4484-9B2A-EBD605B3FFBB} = {D3DDB95C-2D10-47F6-8D79-4F3699E5CCE6}
		{5B9235A7-0C66-460B-8EF4-4B1224D33F08} = {97F910C2-ECBE-4484-9B2A-EBD605B3FFBB}
		{7650E0ED-7D46-47E9-8775-2590EAAEA0C8} = {97F910C2-ECBE-4484-9B2A-EBD605B3FFBB}
		{87D50BB2-4777-41D8-A499-51EB4E969104} = {97F910C2-ECBE-4484-9B2A-EBD605B3FFBB}
		{34DB5772-5060-447E-A774-D58CA10E63B3} = {97F910C2-ECBE-4484-9B2A-EBD605B3FFBB}
		{79A299A1-D0DA-4917-9B20-2BACBFDEB748} = {97F910C2-ECBE-4484-9B2A-EBD605B3FFBB}
		{E2CF28BC-EFC1-4522-ACAD-5FDFF24585AB} = {97F910C2-ECBE-4484-9B2A-EBD605B3FFBB}
		{969D4564-3649-4933-8FDD-F8A55B712AAA} = {97F910C2-ECBE-4484-9B2A-EBD605B3FFBB}
		{09C6AD8B-5932-456C-AE65-2F4F18EDF860} = {97F910C2-ECBE-4484-9B2A-EBD605B3FFBB}
		{DF17A336-8915-45E4-A9B4-CC088F70B265} = {97F910C2-ECBE-4484-9B2A-EBD605B3FFBB}
		{5035237C-663A-478B-A3A9-25FD55DF40B9} = {D3DDB95C-2D10-47F6-8D79-4F3699E5CCE6}
		{43990503-0F6B-4742-8798-B9F0759C352D} = {5035237C-663A-478B-A3A9-25FD55DF40B9}
		{6F46D6BB-7F56-4E35-B95C-104966846CCB} = {5035237C-663A-478B-A3A9-25FD55DF40B9}
		{6E458808-62D0-4B05-8387-94AC2B866FC3} = {5035237C-663A-478B-A3A9-25FD55DF40B9}
		{2BF62DDE-C41F-4CC1-B632-E6AC0ABFDB66} = {5035237C-663A-478B-A3A9-25FD55DF40B9}
		{54293F55-B0D0-472F-A696-84863778FB36} = {D3DDB95C-2D10-47F6-8D79-4F3699E5CCE6}
		{777C8022-F1DE-45CC-9A9C-1931F739FD41} = {54293F55-B0D0-472F-A696-84863778FB36}
	EndGlobalSection
EndGlobal
